
Microsoft Visual Studio Solution File, Format Version 12.00
# Visual Studio Version 17
VisualStudioVersion = 17.11.35208.52
MinimumVisualStudioVersion = 10.0.40219.1
Project("{FAE04EC0-301F-11D3-BF4B-00C04F79EFBC}") = "hello_world_actions2", "hello_world_actions2\hello_world_actions2.csproj", "{828D40F3-602A-494B-BB36-E0B438A0C775}"
EndProject
Project("{FAE04EC0-301F-11D3-BF4B-00C04F79EFBC}") = "hello_world_actions2_tests", "hello_world_actions2_tests\hello_world_actions2_tests.csproj", "{2CE93343-F19A-4C57-B990-A205C505E8F7}"
EndProject
Global
	GlobalSection(SolutionConfigurationPlatforms) = preSolution
		Debug|Any CPU = Debug|Any CPU
		Release|Any CPU = Release|Any CPU
	EndGlobalSection
	GlobalSection(ProjectConfigurationPlatforms) = postSolution
		{828D40F3-602A-494B-BB36-E0B438A0C775}.Debug|Any CPU.ActiveCfg = Debug|Any CPU
		{828D40F3-602A-494B-BB36-E0B438A0C775}.Debug|Any CPU.Build.0 = Debug|Any CPU
		{828D40F3-602A-494B-BB36-E0B438A0C775}.Release|Any CPU.ActiveCfg = Release|Any CPU
		{828D40F3-602A-494B-BB36-E0B438A0C775}.Release|Any CPU.Build.0 = Release|Any CPU
		{2CE93343-F19A-4C57-B990-A205C505E8F7}.Debug|Any CPU.ActiveCfg = Debug|Any CPU
		{2CE93343-F19A-4C57-B990-A205C505E8F7}.Debug|Any CPU.Build.0 = Debug|Any CPU
		{2CE93343-F19A-4C57-B990-A205C505E8F7}.Release|Any CPU.ActiveCfg = Release|Any CPU
		{2CE93343-F19A-4C57-B990-A205C505E8F7}.Release|Any CPU.Build.0 = Release|Any CPU
	EndGlobalSection
	GlobalSection(SolutionProperties) = preSolution
		HideSolutionNode = FALSE
	EndGlobalSection
	GlobalSection(ExtensibilityGlobals) = postSolution
		SolutionGuid = {1B04798A-9C95-4D7E-BB6A-C7EE9E661627}
	EndGlobalSection
EndGlobal
